
Microsoft Visual Studio Solution File, Format Version 12.00
# Visual Studio Version 17
VisualStudioVersion = 17.14.36301.6
MinimumVisualStudioVersion = 10.0.40219.1
Project("{FAE04EC0-301F-11D3-BF4B-00C04F79EFBC}") = "MyFirstApp", "MyFirstApp\MyFirstApp.csproj", "{FA7D9F89-5FB0-4EF7-8877-3308866BC2F9}"
EndProject
Project("{FAE04EC0-301F-11D3-BF4B-00C04F79EFBC}") = "ProjectTwo", "AreaAndPerimeter\ProjectTwo.csproj", "{FDD116CF-EC30-435E-AEB3-AB654010E78B}"
EndProject
Global
	GlobalSection(SolutionConfigurationPlatforms) = preSolution
		Debug|Any CPU = Debug|Any CPU
		Release|Any CPU = Release|Any CPU
	EndGlobalSection
	GlobalSection(ProjectConfigurationPlatforms) = postSolution
		{FA7D9F89-5FB0-4EF7-8877-3308866BC2F9}.Debug|Any CPU.ActiveCfg = Debug|Any CPU
		{FA7D9F89-5FB0-4EF7-8877-3308866BC2F9}.Debug|Any CPU.Build.0 = Debug|Any CPU
		{FA7D9F89-5FB0-4EF7-8877-3308866BC2F9}.Release|Any CPU.ActiveCfg = Release|Any CPU
		{FA7D9F89-5FB0-4EF7-8877-3308866BC2F9}.Release|Any CPU.Build.0 = Release|Any CPU
		{FDD116CF-EC30-435E-AEB3-AB654010E78B}.Debug|Any CPU.ActiveCfg = Debug|Any CPU
		{FDD116CF-EC30-435E-AEB3-AB654010E78B}.Debug|Any CPU.Build.0 = Debug|Any CPU
		{FDD116CF-EC30-435E-AEB3-AB654010E78B}.Release|Any CPU.ActiveCfg = Release|Any CPU
		{FDD116CF-EC30-435E-AEB3-AB654010E78B}.Release|Any CPU.Build.0 = Release|Any CPU
	EndGlobalSection
	GlobalSection(SolutionProperties) = preSolution
		HideSolutionNode = FALSE
	EndGlobalSection
	GlobalSection(ExtensibilityGlobals) = postSolution
		SolutionGuid = {46B46315-A51E-4311-AAD4-97FE8ABA2E65}
	EndGlobalSection
EndGlobal
